
Microsoft Visual Studio Solution File, Format Version 12.00
# Visual Studio Version 17
VisualStudioVersion = 17.12.35707.178
MinimumVisualStudioVersion = 10.0.40219.1
Project("{FAE04EC0-301F-11D3-BF4B-00C04F79EFBC}") = "OverlayEnabler", "OverlayEnabler\OverlayEnabler.csproj", "{189FB7A0-8B5C-44D6-9D45-1DDA0B81DB96}"
EndProject
Project("{54435603-DBB4-11D2-8724-00A0C9A8B90C}") = "Overlay Enabler Installer", "Overlay Enabler Installer\Overlay Enabler Installer.vdproj", "{D7EF17AE-9820-4736-A1A2-2E4D4D29B55E}"
EndProject
Global
	GlobalSection(SolutionConfigurationPlatforms) = preSolution
		Debug|Any CPU = Debug|Any CPU
		Debug|x64 = Debug|x64
		Release|Any CPU = Release|Any CPU
		Release|x64 = Release|x64
	EndGlobalSection
	GlobalSection(ProjectConfigurationPlatforms) = postSolution
		{189FB7A0-8B5C-44D6-9D45-1DDA0B81DB96}.Debug|Any CPU.ActiveCfg = Debug|Any CPU
		{189FB7A0-8B5C-44D6-9D45-1DDA0B81DB96}.Debug|Any CPU.Build.0 = Debug|Any CPU
		{189FB7A0-8B5C-44D6-9D45-1DDA0B81DB96}.Debug|x64.ActiveCfg = Debug|x64
		{189FB7A0-8B5C-44D6-9D45-1DDA0B81DB96}.Debug|x64.Build.0 = Debug|x64
		{189FB7A0-8B5C-44D6-9D45-1DDA0B81DB96}.Release|Any CPU.ActiveCfg = Release|Any CPU
		{189FB7A0-8B5C-44D6-9D45-1DDA0B81DB96}.Release|Any CPU.Build.0 = Release|Any CPU
		{189FB7A0-8B5C-44D6-9D45-1DDA0B81DB96}.Release|x64.ActiveCfg = Release|x64
		{189FB7A0-8B5C-44D6-9D45-1DDA0B81DB96}.Release|x64.Build.0 = Release|x64
		{D7EF17AE-9820-4736-A1A2-2E4D4D29B55E}.Debug|Any CPU.ActiveCfg = Debug
		{D7EF17AE-9820-4736-A1A2-2E4D4D29B55E}.Debug|x64.ActiveCfg = Debug
		{D7EF17AE-9820-4736-A1A2-2E4D4D29B55E}.Release|Any CPU.ActiveCfg = Release
		{D7EF17AE-9820-4736-A1A2-2E4D4D29B55E}.Release|x64.ActiveCfg = Release
	EndGlobalSection
	GlobalSection(SolutionProperties) = preSolution
		HideSolutionNode = FALSE
	EndGlobalSection
EndGlobal
